{
  "generation_id": "g_20260907T224815Z_f025",
  "molecules": [
    {
      "id": "com.github.haexmas.atoms.graphify-first-authoring",
      "paths": [
        ".spaex/constitution.md"
      ],
      "revision": "97d2260db3cf0ca8abf3ea2cf1e5a312bc387727",
      "source": "https://github.com/haexmas/atoms"
    }
  ],
  "spaex_version": "4"
}
